
Microsoft Visual Studio Solution File, Format Version 12.00
Project("{FAE04EC0-301F-11D3-BF4B-00C04F79EFBC}") = "SourcetreeForceGBK", "SourcetreeForceGBK\SourcetreeForceGBK.csproj", "{440BD9AC-8F7B-4067-ABA3-5DD32C439F5D}"
EndProject
Global
	GlobalSection(SolutionConfigurationPlatforms) = preSolution
		Debug|Any CPU = Debug|Any CPU
		Release|Any CPU = Release|Any CPU
	EndGlobalSection
	GlobalSection(ProjectConfigurationPlatforms) = postSolution
		{440BD9AC-8F7B-4067-ABA3-5DD32C439F5D}.Debug|Any CPU.ActiveCfg = Debug|Any CPU
		{440BD9AC-8F7B-4067-ABA3-5DD32C439F5D}.Debug|Any CPU.Build.0 = Debug|Any CPU
		{440BD9AC-8F7B-4067-ABA3-5DD32C439F5D}.Release|Any CPU.ActiveCfg = Release|Any CPU
		{440BD9AC-8F7B-4067-ABA3-5DD32C439F5D}.Release|Any CPU.Build.0 = Release|Any CPU
	EndGlobalSection
EndGlobal
